
Microsoft Visual Studio Solution File, Format Version 12.00
# Visual Studio Version 16
VisualStudioVersion = 16.0.31702.278
MinimumVisualStudioVersion = 10.0.40219.1
Project("{9A19103F-16F7-4668-BE54-9A1E7A4F7556}") = "MarsRover", "MarsRover\MarsRover.csproj", "{5E521202-9533-4CBE-82D8-62807BC8159E}"
EndProject
Project("{9A19103F-16F7-4668-BE54-9A1E7A4F7556}") = "MarsRover.Business", "MarsRover.Business\MarsRover.Business.csproj", "{154B4065-0CA5-496D-97F6-107B20D5341D}"
EndProject
Project("{9A19103F-16F7-4668-BE54-9A1E7A4F7556}") = "MarsRover.Model", "MarsRover.Constants\MarsRover.Model.csproj", "{DE8D9077-D531-4BB7-ACF8-1D28B5CD604E}"
EndProject
Project("{FAE04EC0-301F-11D3-BF4B-00C04F79EFBC}") = "MarsRover.Test", "MarsRover.Test\MarsRover.Test.csproj", "{0CBF8F28-60D1-4535-AE33-E456C670DA63}"
EndProject
Global
	GlobalSection(SolutionConfigurationPlatforms) = preSolution
		Debug|Any CPU = Debug|Any CPU
		Release|Any CPU = Release|Any CPU
	EndGlobalSection
	GlobalSection(ProjectConfigurationPlatforms) = postSolution
		{5E521202-9533-4CBE-82D8-62807BC8159E}.Debug|Any CPU.ActiveCfg = Debug|Any CPU
		{5E521202-9533-4CBE-82D8-62807BC8159E}.Debug|Any CPU.Build.0 = Debug|Any CPU
		{5E521202-9533-4CBE-82D8-62807BC8159E}.Release|Any CPU.ActiveCfg = Release|Any CPU
		{5E521202-9533-4CBE-82D8-62807BC8159E}.Release|Any CPU.Build.0 = Release|Any CPU
		{154B4065-0CA5-496D-97F6-107B20D5341D}.Debug|Any CPU.ActiveCfg = Debug|Any CPU
		{154B4065-0CA5-496D-97F6-107B20D5341D}.Debug|Any CPU.Build.0 = Debug|Any CPU
		{154B4065-0CA5-496D-97F6-107B20D5341D}.Release|Any CPU.ActiveCfg = Release|Any CPU
		{154B4065-0CA5-496D-97F6-107B20D5341D}.Release|Any CPU.Build.0 = Release|Any CPU
		{DE8D9077-D531-4BB7-ACF8-1D28B5CD604E}.Debug|Any CPU.ActiveCfg = Debug|Any CPU
		{DE8D9077-D531-4BB7-ACF8-1D28B5CD604E}.Debug|Any CPU.Build.0 = Debug|Any CPU
		{DE8D9077-D531-4BB7-ACF8-1D28B5CD604E}.Release|Any CPU.ActiveCfg = Release|Any CPU
		{DE8D9077-D531-4BB7-ACF8-1D28B5CD604E}.Release|Any CPU.Build.0 = Release|Any CPU
		{0CBF8F28-60D1-4535-AE33-E456C670DA63}.Debug|Any CPU.ActiveCfg = Debug|Any CPU
		{0CBF8F28-60D1-4535-AE33-E456C670DA63}.Debug|Any CPU.Build.0 = Debug|Any CPU
		{0CBF8F28-60D1-4535-AE33-E456C670DA63}.Release|Any CPU.ActiveCfg = Release|Any CPU
		{0CBF8F28-60D1-4535-AE33-E456C670DA63}.Release|Any CPU.Build.0 = Release|Any CPU
	EndGlobalSection
	GlobalSection(SolutionProperties) = preSolution
		HideSolutionNode = FALSE
	EndGlobalSection
	GlobalSection(ExtensibilityGlobals) = postSolution
		SolutionGuid = {417EE29B-8084-497D-8D25-FDF73678E68F}
	EndGlobalSection
EndGlobal
